
Microsoft Visual Studio Solution File, Format Version 12.00
# Visual Studio Version 17
VisualStudioVersion = 17.4.33006.217
MinimumVisualStudioVersion = 10.0.40219.1
Project("{FAE04EC0-301F-11D3-BF4B-00C04F79EFBC}") = "PointerTesting", "PointerTesting.csproj", "{D66965A8-CC5E-4C53-8379-A3AD5178CECC}"
EndProject
Global
	GlobalSection(SolutionConfigurationPlatforms) = preSolution
		Debug|Any CPU = Debug|Any CPU
		Release|Any CPU = Release|Any CPU
	EndGlobalSection
	GlobalSection(ProjectConfigurationPlatforms) = postSolution
		{D66965A8-CC5E-4C53-8379-A3AD5178CECC}.Debug|Any CPU.ActiveCfg = Debug|Any CPU
		{D66965A8-CC5E-4C53-8379-A3AD5178CECC}.Debug|Any CPU.Build.0 = Debug|Any CPU
		{D66965A8-CC5E-4C53-8379-A3AD5178CECC}.Release|Any CPU.ActiveCfg = Release|Any CPU
		{D66965A8-CC5E-4C53-8379-A3AD5178CECC}.Release|Any CPU.Build.0 = Release|Any CPU
	EndGlobalSection
	GlobalSection(SolutionProperties) = preSolution
		HideSolutionNode = FALSE
	EndGlobalSection
	GlobalSection(ExtensibilityGlobals) = postSolution
		SolutionGuid = {D3C536EE-91D2-4EE0-AA7B-73F8CB3DC688}
	EndGlobalSection
EndGlobal
